// !$*UTF8*$!
{
	archiveVersion = 1;
	classes = {
	};
	objectVersion = 46;
	objects = {

/* Begin PBXBuildFile section */
		A46726C91EB182440079854A /* main.m in Sources */ = {isa = PBXBuildFile; fileRef = A46726C81EB182440079854A /* main.m */; };
		A46726CC1EB182440079854A /* AppDelegate.m in Sources */ = {isa = PBXBuildFile; fileRef = A46726CB1EB182440079854A /* AppDelegate.m */; };
		A46726CF1EB182440079854A /* ViewController.m in Sources */ = {isa = PBXBuildFile; fileRef = A46726CE1EB182440079854A /* ViewController.m */; };
		A46726D21EB182440079854A /* Main.storyboard in Resources */ = {isa = PBXBuildFile; fileRef = A46726D01EB182440079854A /* Main.storyboard */; };
		A46726D41EB182440079854A /* Assets.xcassets in Resources */ = {isa = PBXBuildFile; fileRef = A46726D31EB182440079854A /* Assets.xcassets */; };
		A46726D71EB182440079854A /* LaunchScreen.storyboard in Resources */ = {isa = PBXBuildFile; fileRef = A46726D51EB182440079854A /* LaunchScreen.storyboard */; };
		A46726E11EB182E70079854A /* NSBundle+JJIsNewFeature.m in Sources */ = {isa = PBXBuildFile; fileRef = A46726E01EB182E70079854A /* NSBundle+JJIsNewFeature.m */; };
/* End PBXBuildFile section */

/* Begin PBXFileReference section */
		A46726C41EB182440079854A /* JJAddition.app */ = {isa = PBXFileReference; explicitFileType = wrapper.application; includeInIndex = 0; path = JJAddition.app; sourceTree = BUILT_PRODUCTS_DIR; };
		A46726C81EB182440079854A /* main.m */ = {isa = PBXFileReference; lastKnownFileType = sourcecode.c.objc; path = main.m; sourceTree = "<group>"; };
		A46726CA1EB182440079854A /* AppDelegate.h */ = {isa = PBXFileReference; lastKnownFileType = sourcecode.c.h; path = AppDelegate.h; sourceTree = "<group>"; };
		A46726CB1EB182440079854A /* AppDelegate.m */ = {isa = PBXFileReference; lastKnownFileType = sourcecode.c.objc; path = AppDelegate.m; sourceTree = "<group>"; };
		A46726CD1EB182440079854A /* ViewController.h */ = {isa = PBXFileReference; lastKnownFileType = sourcecode.c.h; path = ViewController.h; sourceTree = "<group>"; };
		A46726CE1EB182440079854A /* ViewController.m */ = {isa = PBXFileReference; lastKnownFileType = sourcecode.c.objc; path = ViewController.m; sourceTree = "<group>"; };
		A46726D11EB182440079854A /* Base */ = {isa = PBXFileReference; lastKnownFileType = file.storyboard; name = Base; path = Base.lproj/Main.storyboard; sourceTree = "<group>"; };
		A46726D31EB182440079854A /* Assets.xcassets */ = {isa = PBXFileReference; lastKnownFileType = folder.assetcatalog; path = Assets.xcassets; sourceTree = "<group>"; };
		A46726D61EB182440079854A /* Base */ = {isa = PBXFileReference; lastKnownFileType = file.storyboard; name = Base; path = Base.lproj/LaunchScreen.storyboard; sourceTree = "<group>"; };
		A46726D81EB182440079854A /* Info.plist */ = {isa = PBXFileReference; lastKnownFileType = text.plist.xml; path = Info.plist; sourceTree = "<group>"; };
		A46726DF1EB182E70079854A /* NSBundle+JJIsNewFeature.h */ = {isa = PBXFileReference; fileEncoding = 4; lastKnownFileType = sourcecode.c.h; path = "NSBundle+JJIsNewFeature.h"; sourceTree = "<group>"; };
		A46726E01EB182E70079854A /* NSBundle+JJIsNewFeature.m */ = {isa = PBXFileReference; fileEncoding = 4; lastKnownFileType = sourcecode.c.objc; path = "NSBundle+JJIsNewFeature.m"; sourceTree = "<group>"; };
/* End PBXFileReference section */

/* Begin PBXFrameworksBuildPhase section */
		A46726C11EB182440079854A /* Frameworks */ = {
			isa = PBXFrameworksBuildPhase;
			buildActionMask = 2147483647;
			files = (
			);
			runOnlyForDeploymentPostprocessing = 0;
		};
/* End PBXFrameworksBuildPhase section */

/* Begin PBXGroup section */
		A46726BB1EB182440079854A = {
			isa = PBXGroup;
			children = (
				A46726C61EB182440079854A /* JJAddition */,
				A46726C51EB182440079854A /* Products */,
			);
			sourceTree = "<group>";
		};
		A46726C51EB182440079854A /* Products */ = {
			isa = PBXGroup;
			children = (
				A46726C41EB182440079854A /* JJAddition.app */,
			);
			name = Products;
			sourceTree = "<group>";
		};
		A46726C61EB182440079854A /* JJAddition */ = {
			isa = PBXGroup;
			children = (
				A46726DE1EB182E70079854A /* JJAdditions */,
				A46726CA1EB182440079854A /* AppDelegate.h */,
				A46726CB1EB182440079854A /* AppDelegate.m */,
				A46726CD1EB182440079854A /* ViewController.h */,
				A46726CE1EB182440079854A /* ViewController.m */,
				A46726D01EB182440079854A /* Main.storyboard */,
				A46726D31EB182440079854A /* Assets.xcassets */,
				A46726D51EB182440079854A /* LaunchScreen.storyboard */,
				A46726D81EB182440079854A /* Info.plist */,
				A46726C71EB182440079854A /* Supporting Files */,
			);
			path = JJAddition;
			sourceTree = "<group>";
		};
		A46726C71EB182440079854A /* Supporting Files */ = {
			isa = PBXGroup;
			children = (
				A46726C81EB182440079854A /* main.m */,
			);
			name = "Supporting Files";
			sourceTree = "<group>";
		};
		A46726DE1EB182E70079854A /* JJAdditions */ = {
			isa = PBXGroup;
			children = (
				A46726DF1EB182E70079854A /* NSBundle+JJIsNewFeature.h */,
				A46726E01EB182E70079854A /* NSBundle+JJIsNewFeature.m */,
			);
			path = JJAdditions;
			sourceTree = "<group>";
		};
/* End PBXGroup section */

/* Begin PBXNativeTarget section */
		A46726C31EB182440079854A /* JJAddition */ = {
			isa = PBXNativeTarget;
			buildConfigurationList = A46726DB1EB182440079854A /* Build configuration list for PBXNativeTarget "JJAddition" */;
			buildPhases = (
				A46726C01EB182440079854A /* Sources */,
				A46726C11EB182440079854A /* Frameworks */,
				A46726C21EB182440079854A /* Resources */,
			);
			buildRules = (
			);
			dependencies = (
			);
			name = JJAddition;
			productName = JJAddition;
			productReference = A46726C41EB182440079854A /* JJAddition.app */;
			productType = "com.apple.product-type.application";
		};
/* End PBXNativeTarget section */

/* Begin PBXProject section */
		A46726BC1EB182440079854A /* Project object */ = {
			isa = PBXProject;
			attributes = {
				LastUpgradeCheck = 0830;
				ORGANIZATIONNAME = "罗文琦";
				TargetAttributes = {
					A46726C31EB182440079854A = {
						CreatedOnToolsVersion = 8.3.2;
						ProvisioningStyle = Automatic;
					};
				};
			};
			buildConfigurationList = A46726BF1EB182440079854A /* Build configuration list for PBXProject "JJAddition" */;
			compatibilityVersion = "Xcode 3.2";
			developmentRegion = English;
			hasScannedForEncodings = 0;
			knownRegions = (
				en,
				Base,
			);
			mainGroup = A46726BB1EB182440079854A;
			productRefGroup = A46726C51EB182440079854A /* Products */;
			projectDirPath = "";
			projectRoot = "";
			targets = (
				A46726C31EB182440079854A /* JJAddition */,
			);
		};
/* End PBXProject section */

/* Begin PBXResourcesBuildPhase section */
		A46726C21EB182440079854A /* Resources */ = {
			isa = PBXResourcesBuildPhase;
			buildActionMask = 2147483647;
			files = (
				A46726D71EB182440079854A /* LaunchScreen.storyboard in Resources */,
				A46726D41EB182440079854A /* Assets.xcassets in Resources */,
				A46726D21EB182440079854A /* Main.storyboard in Resources */,
			);
			runOnlyForDeploymentPostprocessing = 0;
		};
/* End PBXResourcesBuildPhase section */

/* Begin PBXSourcesBuildPhase section */
		A46726C01EB182440079854A /* Sources */ = {
			isa = PBXSourcesBuildPhase;
			buildActionMask = 2147483647;
			files = (
				A46726E11EB182E70079854A /* NSBundle+JJIsNewFeature.m in Sources */,
				A46726CF1EB182440079854A /* ViewController.m in Sources */,
				A46726CC1EB182440079854A /* AppDelegate.m in Sources */,
				A46726C91EB182440079854A /* main.m in Sources */,
			);
			runOnlyForDeploymentPostprocessing = 0;
		};
/* End PBXSourcesBuildPhase section */

/* Begin PBXVariantGroup section */
		A46726D01EB182440079854A /* Main.storyboard */ = {
			isa = PBXVariantGroup;
			children = (
				A46726D11EB182440079854A /* Base */,
			);
			name = Main.storyboard;
			sourceTree = "<group>";
		};
		A46726D51EB182440079854A /* LaunchScreen.storyboard */ = {
			isa = PBXVariantGroup;
			children = (
				A46726D61EB182440079854A /* Base */,
			);
			name = LaunchScreen.storyboard;
			sourceTree = "<group>";
		};
/* End PBXVariantGroup section */

/* Begin XCBuildConfiguration section */
		A46726D91EB182440079854A /* Debug */ = {
			isa = XCBuildConfiguration;
			buildSettings = {
				ALWAYS_SEARCH_USER_PATHS = NO;
				CLANG_ANALYZER_NONNULL = YES;
				CLANG_ANALYZER_NUMBER_OBJECT_CONVERSION = YES_AGGRESSIVE;
				CLANG_CXX_LANGUAGE_STANDARD = "gnu++0x";
				CLANG_CXX_LIBRARY = "libc++";
				CLANG_ENABLE_MODULES = YES;
				CLANG_ENABLE_OBJC_ARC = YES;
				CLANG_WARN_BOOL_CONVERSION = YES;
				CLANG_WARN_CONSTANT_CONVERSION = YES;
				CLANG_WARN_DIRECT_OBJC_ISA_USAGE = YES_ERROR;
				CLANG_WARN_DOCUMENTATION_COMMENTS = YES;
				CLANG_WARN_EMPTY_BODY = YES;
				CLANG_WARN_ENUM_CONVERSION = YES;
				CLANG_WARN_INFINITE_RECURSION = YES;
				CLANG_WARN_INT_CONVERSION = YES;
				CLANG_WARN_OBJC_ROOT_CLASS = YES_ERROR;
				CLANG_WARN_SUSPICIOUS_MOVE = YES;
				CLANG_WARN_UNREACHABLE_CODE = YES;
				CLANG_WARN__DUPLICATE_METHOD_MATCH = YES;
				"CODE_SIGN_IDENTITY[sdk=iphoneos*]" = "iPhone Developer";
				COPY_PHASE_STRIP = NO;
				DEBUG_INFORMATION_FORMAT = dwarf;
				ENABLE_STRICT_OBJC_MSGSEND = YES;
				ENABLE_TESTABILITY = YES;
				GCC_C_LANGUAGE_STANDARD = gnu99;
				GCC_DYNAMIC_NO_PIC = NO;
				GCC_NO_COMMON_BLOCKS = YES;
				GCC_OPTIMIZATION_LEVEL = 0;
				GCC_PREPROCESSOR_DEFINITIONS = (
					"DEBUG=1",
					"$(inherited)",
				);
				GCC_WARN_64_TO_32_BIT_CONVERSION = YES;
				GCC_WARN_ABOUT_RETURN_TYPE = YES_ERROR;
				GCC_WARN_UNDECLARED_SELECTOR = YES;
				GCC_WARN_UNINITIALIZED_AUTOS = YES_AGGRESSIVE;
				GCC_WARN_UNUSED_FUNCTION = YES;
				GCC_WARN_UNUSED_VARIABLE = YES;
				IPHONEOS_DEPLOYMENT_TARGET = 10.3;
				MTL_ENABLE_DEBUG_INFO = YES;
				ONLY_ACTIVE_ARCH = YES;
				SDKROOT = iphoneos;
				TARGETED_DEVICE_FAMILY = "1,2";
			};
			name = Debug;
		};
		A46726DA1EB182440079854A /* Release */ = {
			isa = XCBuildConfiguration;
			buildSettings = {
				ALWAYS_SEARCH_USER_PATHS = NO;
				CLANG_ANALYZER_NONNULL = YES;
				CLANG_ANALYZER_NUMBER_OBJECT_CONVERSION = YES_AGGRESSIVE;
				CLANG_CXX_LANGUAGE_STANDARD = "gnu++0x";
				CLANG_CXX_LIBRARY = "libc++";
				CLANG_ENABLE_MODULES = YES;
				CLANG_ENABLE_OBJC_ARC = YES;
				CLANG_WARN_BOOL_CONVERSION = YES;
				CLANG_WARN_CONSTANT_CONVERSION = YES;
				CLANG_WARN_DIRECT_OBJC_ISA_USAGE = YES_ERROR;
				CLANG_WARN_DOCUMENTATION_COMMENTS = YES;
				CLANG_WARN_EMPTY_BODY = YES;
				CLANG_WARN_ENUM_CONVERSION = YES;
				CLANG_WARN_INFINITE_RECURSION = YES;
				CLANG_WARN_INT_CONVERSION = YES;
				CLANG_WARN_OBJC_ROOT_CLASS = YES_ERROR;
				CLANG_WARN_SUSPICIOUS_MOVE = YES;
				CLANG_WARN_UNREACHABLE_CODE = YES;
				CLANG_WARN__DUPLICATE_METHOD_MATCH = YES;
				"CODE_SIGN_IDENTITY[sdk=iphoneos*]" = "iPhone Developer";
				COPY_PHASE_STRIP = NO;
				DEBUG_INFORMATION_FORMAT = "dwarf-with-dsym";
				ENABLE_NS_ASSERTIONS = NO;
				ENABLE_STRICT_OBJC_MSGSEND = YES;
				GCC_C_LANGUAGE_STANDARD = gnu99;
				GCC_NO_COMMON_BLOCKS = YES;
				GCC_WARN_64_TO_32_BIT_CONVERSION = YES;
				GCC_WARN_ABOUT_RETURN_TYPE = YES_ERROR;
				GCC_WARN_UNDECLARED_SELECTOR = YES;
				GCC_WARN_UNINITIALIZED_AUTOS = YES_AGGRESSIVE;
				GCC_WARN_UNUSED_FUNCTION = YES;
				GCC_WARN_UNUSED_VARIABLE = YES;
				IPHONEOS_DEPLOYMENT_TARGET = 10.3;
				MTL_ENABLE_DEBUG_INFO = NO;
				SDKROOT = iphoneos;
				TARGETED_DEVICE_FAMILY = "1,2";
				VALIDATE_PRODUCT = YES;
			};
			name = Release;
		};
		A46726DC1EB182440079854A /* Debug */ = {
			isa = XCBuildConfiguration;
			buildSettings = {
				ASSETCATALOG_COMPILER_APPICON_NAME = AppIcon;
				INFOPLIST_FILE = JJAddition/Info.plist;
				LD_RUNPATH_SEARCH_PATHS = "$(inherited) @executable_path/Frameworks";
				PRODUCT_BUNDLE_IDENTIFIER = com.luowenqi.JJAddition;
				PRODUCT_NAME = "$(TARGET_NAME)";
			};
			name = Debug;
		};
		A46726DD1EB182440079854A /* Release */ = {
			isa = XCBuildConfiguration;
			buildSettings = {
				ASSETCATALOG_COMPILER_APPICON_NAME = AppIcon;
				INFOPLIST_FILE = JJAddition/Info.plist;
				LD_RUNPATH_SEARCH_PATHS = "$(inherited) @executable_path/Frameworks";
				PRODUCT_BUNDLE_IDENTIFIER = com.luowenqi.JJAddition;
				PRODUCT_NAME = "$(TARGET_NAME)";
			};
			name = Release;
		};
/* End XCBuildConfiguration section */

/* Begin XCConfigurationList section */
		A46726BF1EB182440079854A /* Build configuration list for PBXProject "JJAddition" */ = {
			isa = XCConfigurationList;
			buildConfigurations = (
				A46726D91EB182440079854A /* Debug */,
				A46726DA1EB182440079854A /* Release */,
			);
			defaultConfigurationIsVisible = 0;
			defaultConfigurationName = Release;
		};
		A46726DB1EB182440079854A /* Build configuration list for PBXNativeTarget "JJAddition" */ = {
			isa = XCConfigurationList;
			buildConfigurations = (
				A46726DC1EB182440079854A /* Debug */,
				A46726DD1EB182440079854A /* Release */,
			);
			defaultConfigurationIsVisible = 0;
		};
/* End XCConfigurationList section */
	};
	rootObject = A46726BC1EB182440079854A /* Project object */;
}
